# GENERATED by scripts/update_python_locks.py - do not edit by hand.
# Exact versions for OPC_UA_Clients/Release2/IJT_Test_Client (requirements.txt + requirements-dev.txt + repo-root constraints.txt).
# Change versions in requirements*.txt or constraints.txt, then run:
#   python scripts/update_python_locks.py          (add -P NAME to upgrade one package)
# input-hash: 6b817e31f1a5fc37e32e81f2cb0b465aa27625fa5fbba2a07c55ac6f8fcce875
aiosqlite==0.22.1
anyio==4.15.1
ast-serialize==0.11.2
asyncua==2.0.1
bandit==1.9.4
boolean-py==5.0
cachecontrol==0.14.4
certifi==2026.7.22
cffi==2.1.1 ; platform_python_implementation != 'PyPy'
cfgv==3.5.0
charset-normalizer==3.5.2
colorama==0.4.6 ; sys_platform == 'win32'
coverage==7.16.2
cryptography==50.0.2
cyclonedx-python-lib==11.12.0
defusedxml==0.7.1
detect-secrets==1.5.0
distlib==0.4.3
et-xmlfile==2.0.0
execnet==2.1.2
filelock==4.0.8
identify==2.6.20
idna==3.20
iniconfig==2.3.0
jinja2==3.1.6
librt==0.16.0 ; platform_python_implementation != 'PyPy'
license-expression==30.4.4
markdown-it-py==4.2.0
markupsafe==3.0.3
mdurl==0.1.2
msgpack==1.2.3
mypy==2.3.1
mypy-extensions==1.1.0
nodeenv==1.11.0
openpyxl==3.1.5
packageurl-python==0.17.6
packaging==26.3
pathspec==1.1.1
pip==26.2.1
pip-api==0.0.35
pip-audit==2.10.1
pip-requirements-parser==32.0.1
platformdirs==4.12.2
pluggy==1.6.0
pre-commit==4.6.2
py-serializable==2.1.0
pycparser==3.0 ; implementation_name != 'PyPy' and platform_python_implementation != 'PyPy'
pygments==2.21.0
pyopenssl==26.4.0
pyparsing==3.3.3
pyright==1.1.414
pytest==9.1.1
pytest-asyncio==1.4.0
pytest-cov==7.1.0
pytest-html==4.2.0
pytest-metadata==3.1.1
pytest-timeout==2.4.0
pytest-xdist==3.8.0
python-dateutil==2.9.0.post0
python-discovery==1.6.1
pytz==2026.4
pyyaml==6.0.3
requests==2.34.2
rich==15.0.0
ruff==0.16.10
six==1.17.0
sortedcontainers==2.4.0
stevedore==5.9.1
tomli==2.4.1
tomli-w==1.2.0
typing-extensions==4.16.0
urllib3==2.8.0
virtualenv==21.14.2
