{
  "version": 1,
  "dependencies": {
    "net10.0": {
      "coverlet.collector": {
        "type": "Direct",
        "requested": "[10.0.0, )",
        "resolved": "10.0.0",
        "contentHash": "WFejCcOUR6k8UYyDnnR6Gk+obFYMsWrZuNqPJnsVFGVhpPSN0y20D4qbdKJnXinYGx9PQ397Hf9TnU1NBST8vA=="
      },
      "Microsoft.NET.Test.Sdk": {
        "type": "Direct",
        "requested": "[18.4.0, )",
        "resolved": "18.4.0",
        "contentHash": "w49iZdL4HL6V25l41NVQLXWQ+e71GvSkKVteMrOL02gP/PUkcnO/1yEb2s9FntU4wGmJWfKnyrRAhcMHd9ZZNA==",
        "dependencies": {
          "Microsoft.CodeCoverage": "18.4.0",
          "Microsoft.TestPlatform.TestHost": "18.4.0"
        }
      },
      "Moq": {
        "type": "Direct",
        "requested": "[4.20.72, )",
        "resolved": "4.20.72",
        "contentHash": "EA55cjyNn8eTNWrgrdZJH5QLFp2L43oxl1tlkoYUKIE9pRwL784OWiTXeCV5ApS+AMYEAlt7Fo03A2XfouvHmQ==",
        "dependencies": {
          "Castle.Core": "5.1.1"
        }
      },
      "xunit": {
        "type": "Direct",
        "requested": "[2.9.3, )",
        "resolved": "2.9.3",
        "contentHash": "TlXQBinK35LpOPKHAqbLY4xlEen9TBafjs0V5KnA4wZsoQLQJiirCR4CbIXvOH8NzkW4YeJKP5P/Bnrodm0h9Q==",
        "dependencies": {
          "xunit.analyzers": "1.18.0",
          "xunit.assert": "2.9.3",
          "xunit.core": "[2.9.3]"
        }
      },
      "xunit.runner.visualstudio": {
        "type": "Direct",
        "requested": "[3.1.5, )",
        "resolved": "3.1.5",
        "contentHash": "tKi7dSTwP4m5m9eXPM2Ime4Kn7xNf4x4zT9sdLO/G4hZVnQCRiMTWoSZqI/pYTVeI27oPPqHBKYI/DjJ9GsYgA=="
      },
      "Xunit.SkippableFact": {
        "type": "Direct",
        "requested": "[1.5.61, )",
        "resolved": "1.5.61",
        "contentHash": "ZoahExHGire3U1b9RLUQJuoofMKwJKd6U60cqaomh0llL8ns1evvl8ivXLP1Bw3nPUR0ELfSVZ0giKnMoqPCfQ==",
        "dependencies": {
          "Validation": "2.6.68",
          "xunit.extensibility.execution": "2.4.0"
        }
      },
      "BitFaster.Caching": {
        "type": "Transitive",
        "resolved": "2.5.4",
        "contentHash": "1QroTY1PVCZOSG9FnkkCrmCKk/+bZCgI/YXq376HnYwUDJ4Ho0EaV4YaA/5v5WYLnwIwIO7RZkdWbg9pxIpueQ=="
      },
      "Castle.Core": {
        "type": "Transitive",
        "resolved": "5.1.1",
        "contentHash": "rpYtIczkzGpf+EkZgDr9CClTdemhsrwA/W5hMoPjLkRFnXzH44zDLoovXeKtmxb1ykXK9aJVODSpiJml8CTw2g==",
        "dependencies": {
          "System.Diagnostics.EventLog": "6.0.0"
        }
      },
      "Microsoft.CodeCoverage": {
        "type": "Transitive",
        "resolved": "18.4.0",
        "contentHash": "9O0BtCfzCWrkAmK187ugKdq72HHOXoOUjuWFDVc2LsZZ0pOnA9bTt+Sg9q4cF+MoAaUU+MuWtvBuFsnduviJow=="
      },
      "Microsoft.Extensions.Configuration": {
        "type": "Transitive",
        "resolved": "10.0.6",
        "contentHash": "lYQ9S1FGXIWIU7243RimdAXQYsFDeLhSSZvbSDwbeI/kCzZ4MIYXpp3kMQ+bDJXwl9pzMRIYkd4f9zGqcYxfAQ==",
        "dependencies": {
          "Microsoft.Extensions.Configuration.Abstractions": "10.0.6",
          "Microsoft.Extensions.Primitives": "10.0.6"
        }
      },
      "Microsoft.Extensions.Configuration.Abstractions": {
        "type": "Transitive",
        "resolved": "10.0.6",
        "contentHash": "a7bA7IT3ngIgcOMb/2MVH5CcfSxUCeQ6QXWS1Vt6oFpzLTH3U1+J2Xtc64Uw3whX9akYG8eR/UQeEzxo64zZLg==",
        "dependencies": {
          "Microsoft.Extensions.Primitives": "10.0.6"
        }
      },
      "Microsoft.Extensions.Configuration.Binder": {
        "type": "Transitive",
        "resolved": "10.0.6",
        "contentHash": "h22Fm4VxRmr4ty9rxJaW0i51xD56Bl5QhQ2hsGY2vl+6FioWmBhkpg3B78XQaK25N+hE41gZLZuYKGQS+OGbdw==",
        "dependencies": {
          "Microsoft.Extensions.Configuration": "10.0.6",
          "Microsoft.Extensions.Configuration.Abstractions": "10.0.6"
        }
      },
      "Microsoft.Extensions.DependencyInjection": {
        "type": "Transitive",
        "resolved": "10.0.6",
        "contentHash": "poUvwtf92bEs8uBH3aRRs/ZgiAw+Z485EU7TtVPBt//MmD0uMPERe7+v3Ur7lpD8XgIEDL9sDoTBcW1LMG97CQ==",
        "dependencies": {
          "Microsoft.Extensions.DependencyInjection.Abstractions": "10.0.6"
        }
      },
      "Microsoft.Extensions.DependencyInjection.Abstractions": {
        "type": "Transitive",
        "resolved": "10.0.6",
        "contentHash": "w+dX4SIr1X9yegX2yX2dU1XtP4JAUVNdvOG/Evn+H+ndn96YzfIPX52FALXChrRNWFR9l77FQyg1mB7WQo6iOA=="
      },
      "Microsoft.Extensions.Logging": {
        "type": "Transitive",
        "resolved": "10.0.6",
        "contentHash": "ZjpnbMD88IcZQE2pE9lcGv3mkH2mlApPWNh88ya1wJpcxZLp7p4aN7twI2FpawGPAsXNpmMgtKaz3o796YWKWQ==",
        "dependencies": {
          "Microsoft.Extensions.DependencyInjection": "10.0.6",
          "Microsoft.Extensions.Logging.Abstractions": "10.0.6",
          "Microsoft.Extensions.Options": "10.0.6"
        }
      },
      "Microsoft.Extensions.Logging.Abstractions": {
        "type": "Transitive",
        "resolved": "10.0.6",
        "contentHash": "1YgBO3wAy0dlpQyVTKWBSPND/t0yZHsvd3shGpbeEwH8JSb2hnFI2pNFrOOUi/stsp+T/dqwqmRIGh47ibo9bw==",
        "dependencies": {
          "Microsoft.Extensions.DependencyInjection.Abstractions": "10.0.6"
        }
      },
      "Microsoft.Extensions.Logging.Configuration": {
        "type": "Transitive",
        "resolved": "10.0.6",
        "contentHash": "YXyeFL/MFNuy7k4zCIxldXdyyK7hpW3wPnqyS5HxOJ+BkMkaT7cYVmpWYNnRaiEM6a98vjVjvIRHiUUsTJfc6g==",
        "dependencies": {
          "Microsoft.Extensions.Configuration": "10.0.6",
          "Microsoft.Extensions.Configuration.Abstractions": "10.0.6",
          "Microsoft.Extensions.Configuration.Binder": "10.0.6",
          "Microsoft.Extensions.DependencyInjection.Abstractions": "10.0.6",
          "Microsoft.Extensions.Logging": "10.0.6",
          "Microsoft.Extensions.Logging.Abstractions": "10.0.6",
          "Microsoft.Extensions.Options": "10.0.6",
          "Microsoft.Extensions.Options.ConfigurationExtensions": "10.0.6"
        }
      },
      "Microsoft.Extensions.Logging.Console": {
        "type": "Transitive",
        "resolved": "10.0.6",
        "contentHash": "i6yclZFcPCX3MWphzPEbnBXpgT9vjZQppS4mFFvzSVols9JvvZPVeMe1ufv1bWC0/NwrBY5C+xKX4Joq+8HCkg==",
        "dependencies": {
          "Microsoft.Extensions.DependencyInjection.Abstractions": "10.0.6",
          "Microsoft.Extensions.Logging": "10.0.6",
          "Microsoft.Extensions.Logging.Abstractions": "10.0.6",
          "Microsoft.Extensions.Logging.Configuration": "10.0.6",
          "Microsoft.Extensions.Options": "10.0.6"
        }
      },
      "Microsoft.Extensions.Options": {
        "type": "Transitive",
        "resolved": "10.0.6",
        "contentHash": "v5RTWm+3Gdub21ADJeRG5bunOOxutFNBZk6qGH6Az4L5nyRZoLe3Kse7jfAyUcdEoiKp72XpNw/wGR+9wP+MtQ==",
        "dependencies": {
          "Microsoft.Extensions.DependencyInjection.Abstractions": "10.0.6",
          "Microsoft.Extensions.Primitives": "10.0.6"
        }
      },
      "Microsoft.Extensions.Options.ConfigurationExtensions": {
        "type": "Transitive",
        "resolved": "10.0.6",
        "contentHash": "O7xt1vYMxku2+/WpFkh6X8RzUtYbKR+XCt0KOO0W9TbRbFeQdfb9Nry/CdVq57kOyOKS3Z4qD1xqV/8LpJQ0Xw==",
        "dependencies": {
          "Microsoft.Extensions.Configuration.Abstractions": "10.0.6",
          "Microsoft.Extensions.Configuration.Binder": "10.0.6",
          "Microsoft.Extensions.DependencyInjection.Abstractions": "10.0.6",
          "Microsoft.Extensions.Options": "10.0.6",
          "Microsoft.Extensions.Primitives": "10.0.6"
        }
      },
      "Microsoft.Extensions.Primitives": {
        "type": "Transitive",
        "resolved": "10.0.6",
        "contentHash": "L8P21mqaG+CXvPheLndean/cHCOcItJqH8nx+0YQnK7wAiOR0G1IOC418ZSzTMD2D6Gmo0f2M5WR70XtpX2B8g=="
      },
      "Microsoft.TestPlatform.ObjectModel": {
        "type": "Transitive",
        "resolved": "18.4.0",
        "contentHash": "4L6m2kS2pY5uJ9cpeRxzW22opr6ttScIRqsOpMDQpgENp/ZwxkkQCcmc6LRSURo2dFaaSW5KVflQZvroiJ7Wzg=="
      },
      "Microsoft.TestPlatform.TestHost": {
        "type": "Transitive",
        "resolved": "18.4.0",
        "contentHash": "gZsCHI+zOmZCcKZieIL4Jg14qKD2OGZOmX5DehuIk1EA9BN6Crm0+taXQNEuajOH1G9CCyBxw8VWR4t5tumcng==",
        "dependencies": {
          "Microsoft.TestPlatform.ObjectModel": "18.4.0",
          "Newtonsoft.Json": "13.0.3"
        }
      },
      "Newtonsoft.Json": {
        "type": "Transitive",
        "resolved": "13.0.4",
        "contentHash": "pdgNNMai3zv51W5aq268sujXUyx7SNdE2bj1wZcWjAQrKMFZV260lbqYop1d2GM67JI1huLRwxo9ZqnfF/lC6A=="
      },
      "OPCFoundation.NetStandard.Opc.Ua": {
        "type": "Transitive",
        "resolved": "1.5.378.134",
        "contentHash": "s71WafZcLHAkiD2QcFmWqzor8inUwPq0Gg4kD8BXQfSWqAKaNcbXzLGZzHo8th838CmUajaAfKRabVJxsfGVPw==",
        "dependencies": {
          "OPCFoundation.NetStandard.Opc.Ua.Client": "1.5.378.134",
          "OPCFoundation.NetStandard.Opc.Ua.Configuration": "1.5.378.134",
          "OPCFoundation.NetStandard.Opc.Ua.Core": "1.5.378.134",
          "OPCFoundation.NetStandard.Opc.Ua.Gds.Client.Common": "1.5.378.134",
          "OPCFoundation.NetStandard.Opc.Ua.Gds.Server.Common": "1.5.378.134",
          "OPCFoundation.NetStandard.Opc.Ua.Security.Certificates": "1.5.378.134",
          "OPCFoundation.NetStandard.Opc.Ua.Server": "1.5.378.134",
          "OPCFoundation.NetStandard.Opc.Ua.Types": "1.5.378.134"
        }
      },
      "OPCFoundation.NetStandard.Opc.Ua.Client": {
        "type": "Transitive",
        "resolved": "1.5.378.134",
        "contentHash": "8kuk6B3dbPpi1GgeUGxDa13cSYd6i53t2sq3Da32ACeJzLSlsQbFi8x1G32f51qJDb6PwSMuB4QZN/AnTQOzxQ==",
        "dependencies": {
          "BitFaster.Caching": "2.5.4",
          "OPCFoundation.NetStandard.Opc.Ua.Configuration": "1.5.378.134",
          "OPCFoundation.NetStandard.Opc.Ua.Core": "1.5.378.134"
        }
      },
      "OPCFoundation.NetStandard.Opc.Ua.Configuration": {
        "type": "Transitive",
        "resolved": "1.5.378.134",
        "contentHash": "OODpaduemEywEY6dLQPgnebQspDVzd2wLT6xvWsXG9aGCGH5cO5qjG3Csn5WPGWGkEKaMsHBjaGifceM3X91yg==",
        "dependencies": {
          "OPCFoundation.NetStandard.Opc.Ua.Core": "1.5.378.134"
        }
      },
      "OPCFoundation.NetStandard.Opc.Ua.Core": {
        "type": "Transitive",
        "resolved": "1.5.378.134",
        "contentHash": "oKn5HEmJHmCK2dOvYcrd3c13vMP4eGG3fYzISfHljMeubeNleOlgrKa7Izt3Z0Ku1PdKmLZQ1jICX56IAmLi0w==",
        "dependencies": {
          "Microsoft.Extensions.Logging": "10.0.2",
          "Newtonsoft.Json": "13.0.4",
          "OPCFoundation.NetStandard.Opc.Ua.Security.Certificates": "1.5.378.134",
          "OPCFoundation.NetStandard.Opc.Ua.Types": "1.5.378.134"
        }
      },
      "OPCFoundation.NetStandard.Opc.Ua.Gds.Client.Common": {
        "type": "Transitive",
        "resolved": "1.5.378.134",
        "contentHash": "WSxSyCpNS6BzkaInsCgsJ7GFwkLEraiVw3/w9SAHEMYG7NPJ7IOqSDPF7l3TEo5JlM+HrqVqbSGnIbrl6AHH2w==",
        "dependencies": {
          "OPCFoundation.NetStandard.Opc.Ua.Client": "1.5.378.134",
          "OPCFoundation.NetStandard.Opc.Ua.Core": "1.5.378.134"
        }
      },
      "OPCFoundation.NetStandard.Opc.Ua.Gds.Server.Common": {
        "type": "Transitive",
        "resolved": "1.5.378.134",
        "contentHash": "u0ZJ5Jt5Dt7h11YokfgeFCWx5SP2LPTb1HDcj4F53pLqblzzagYUi7UiMkXSXHpNPeA645z4THFvUxuup/ONuA==",
        "dependencies": {
          "OPCFoundation.NetStandard.Opc.Ua.Core": "1.5.378.134",
          "OPCFoundation.NetStandard.Opc.Ua.Security.Certificates": "1.5.378.134",
          "OPCFoundation.NetStandard.Opc.Ua.Server": "1.5.378.134"
        }
      },
      "OPCFoundation.NetStandard.Opc.Ua.Security.Certificates": {
        "type": "Transitive",
        "resolved": "1.5.378.134",
        "contentHash": "ch2BQIQIBQfL+ek3a3lKCXWfUq67AqCtzvmShcIjTI6Yix9I2z4lnissi87TPfQ/IgkPTBKJQIFXrFz0V2w1VQ==",
        "dependencies": {
          "OPCFoundation.NetStandard.Opc.Ua.Types": "1.5.378.134"
        }
      },
      "OPCFoundation.NetStandard.Opc.Ua.Server": {
        "type": "Transitive",
        "resolved": "1.5.378.134",
        "contentHash": "qdM5DQwo42cBsW9V+5w4wHD/fDXwjBpbuFYEgXTm9zrB2Cy3dadIsmVDswV3oZWm45k6DwzMy1SB2+xzIK/ppQ==",
        "dependencies": {
          "OPCFoundation.NetStandard.Opc.Ua.Configuration": "1.5.378.134",
          "OPCFoundation.NetStandard.Opc.Ua.Core": "1.5.378.134"
        }
      },
      "OPCFoundation.NetStandard.Opc.Ua.Types": {
        "type": "Transitive",
        "resolved": "1.5.378.134",
        "contentHash": "UYwgU4bvh2/Fy+cbtCvbQqqNFElTvAolRX8faj9JhceMWPXvbwEIF9R1VQI2MKFPkrfXM/ZbGegEanVaj9NkLQ==",
        "dependencies": {
          "Microsoft.Extensions.Logging.Abstractions": "10.0.2"
        }
      },
      "System.Diagnostics.EventLog": {
        "type": "Transitive",
        "resolved": "6.0.0",
        "contentHash": "lcyUiXTsETK2ALsZrX+nWuHSIQeazhqPphLfaRxzdGaG93+0kELqpgEHtwWOlQe7+jSFnKwaCAgL4kjeZCQJnw=="
      },
      "Validation": {
        "type": "Transitive",
        "resolved": "2.6.68",
        "contentHash": "5mZ+aXsYQnr3Wxz5O2tmbgPaa5kn9R+ZlfnPyGBogXI2sh4uTiHtvU++N4bURtn9vmDYIu2Zu323K9hFz9poXQ=="
      },
      "xunit.abstractions": {
        "type": "Transitive",
        "resolved": "2.0.3",
        "contentHash": "pot1I4YOxlWjIb5jmwvvQNbTrZ3lJQ+jUGkGjWE3hEFM0l5gOnBWS+H3qsex68s5cO52g+44vpGzhAt+42vwKg=="
      },
      "xunit.analyzers": {
        "type": "Transitive",
        "resolved": "1.18.0",
        "contentHash": "OtFMHN8yqIcYP9wcVIgJrq01AfTxijjAqVDy/WeQVSyrDC1RzBWeQPztL49DN2syXRah8TYnfvk035s7L95EZQ=="
      },
      "xunit.assert": {
        "type": "Transitive",
        "resolved": "2.9.3",
        "contentHash": "/Kq28fCE7MjOV42YLVRAJzRF0WmEqsmflm0cfpMjGtzQ2lR5mYVj1/i0Y8uDAOLczkL3/jArrwehfMD0YogMAA=="
      },
      "xunit.core": {
        "type": "Transitive",
        "resolved": "2.9.3",
        "contentHash": "BiAEvqGvyme19wE0wTKdADH+NloYqikiU0mcnmiNyXaF9HyHmE6sr/3DC5vnBkgsWaE6yPyWszKSPSApWdRVeQ==",
        "dependencies": {
          "xunit.extensibility.core": "[2.9.3]",
          "xunit.extensibility.execution": "[2.9.3]"
        }
      },
      "xunit.extensibility.core": {
        "type": "Transitive",
        "resolved": "2.9.3",
        "contentHash": "kf3si0YTn2a8J8eZNb+zFpwfoyvIrQ7ivNk5ZYA5yuYk1bEtMe4DxJ2CF/qsRgmEnDr7MnW1mxylBaHTZ4qErA==",
        "dependencies": {
          "xunit.abstractions": "2.0.3"
        }
      },
      "xunit.extensibility.execution": {
        "type": "Transitive",
        "resolved": "2.9.3",
        "contentHash": "yMb6vMESlSrE3Wfj7V6cjQ3S4TXdXpRqYeNEI3zsX31uTsGMJjEw6oD5F5u1cHnMptjhEECnmZSsPxB6ChZHDQ==",
        "dependencies": {
          "xunit.extensibility.core": "[2.9.3]"
        }
      },
      "ijt_csharp_client": {
        "type": "Project",
        "dependencies": {
          "Microsoft.Extensions.Logging.Console": "[10.0.6, )",
          "OPCFoundation.NetStandard.Opc.Ua": "[1.5.378.134, )",
          "UAModel.IJTTightening": "[1.0.0, )"
        }
      },
      "uamodel.amb": {
        "type": "Project",
        "dependencies": {
          "OPCFoundation.NetStandard.Opc.Ua.Core": "[1.5.378.134, )"
        }
      },
      "uamodel.di": {
        "type": "Project",
        "dependencies": {
          "OPCFoundation.NetStandard.Opc.Ua.Core": "[1.5.378.134, )"
        }
      },
      "uamodel.ia": {
        "type": "Project",
        "dependencies": {
          "OPCFoundation.NetStandard.Opc.Ua.Core": "[1.5.378.134, )",
          "UAModel.DI": "[1.0.0, )"
        }
      },
      "uamodel.ijtbase": {
        "type": "Project",
        "dependencies": {
          "OPCFoundation.NetStandard.Opc.Ua.Core": "[1.5.378.134, )",
          "UAModel.AMB": "[1.0.0, )",
          "UAModel.DI": "[1.0.0, )",
          "UAModel.IA": "[1.0.0, )",
          "UAModel.Machinery": "[1.0.0, )",
          "UAModel.MachineryResult": "[1.0.0, )"
        }
      },
      "uamodel.ijttightening": {
        "type": "Project",
        "dependencies": {
          "OPCFoundation.NetStandard.Opc.Ua.Core": "[1.5.378.134, )",
          "UAModel.AMB": "[1.0.0, )",
          "UAModel.DI": "[1.0.0, )",
          "UAModel.IA": "[1.0.0, )",
          "UAModel.IJTBase": "[1.0.0, )",
          "UAModel.Machinery": "[1.0.0, )",
          "UAModel.MachineryResult": "[1.0.0, )"
        }
      },
      "uamodel.machinery": {
        "type": "Project",
        "dependencies": {
          "OPCFoundation.NetStandard.Opc.Ua.Core": "[1.5.378.134, )",
          "UAModel.DI": "[1.0.0, )",
          "UAModel.IA": "[1.0.0, )"
        }
      },
      "uamodel.machineryresult": {
        "type": "Project",
        "dependencies": {
          "OPCFoundation.NetStandard.Opc.Ua.Core": "[1.5.378.134, )"
        }
      }
    }
  }
}
