
Microsoft Visual Studio Solution File, Format Version 12.00
# Visual Studio Version 17
VisualStudioVersion = 17.14.0.0
MinimumVisualStudioVersion = 10.0.40219.1
Project("{FAE04EC0-301F-11D3-BF4B-00C04F79EFBC}") = "IJT_CSharp_Client", "IJT_CSharp_Client.csproj", "{CD0E28D4-A0F4-49C8-8590-11C5F27A135A}"
EndProject
Project("{2150E333-8FDC-42A3-9474-1A3956D46DE8}") = "Types", "Types", "{A17CA5E5-BE79-3E38-37C1-CE8EF472BA70}"
EndProject
Project("{FAE04EC0-301F-11D3-BF4B-00C04F79EFBC}") = "UAModel.DI", "Types\UAModel.DI\UAModel.DI.csproj", "{87655FA6-DC37-47CC-9186-90B9C17C3E4E}"
EndProject
Project("{FAE04EC0-301F-11D3-BF4B-00C04F79EFBC}") = "UAModel.AMB", "Types\UAModel.AMB\UAModel.AMB.csproj", "{EB18A9CE-1DAB-4F36-877D-3D0A4F487B63}"
EndProject
Project("{FAE04EC0-301F-11D3-BF4B-00C04F79EFBC}") = "UAModel.IA", "Types\UAModel.IA\UAModel.IA.csproj", "{9D5B3481-4468-4ED5-AA3B-BC28EAD7524B}"
EndProject
Project("{FAE04EC0-301F-11D3-BF4B-00C04F79EFBC}") = "UAModel.Machinery", "Types\UAModel.Machinery\UAModel.Machinery.csproj", "{7A9E6D1D-A054-48BB-9CAD-092AF134819A}"
EndProject
Project("{FAE04EC0-301F-11D3-BF4B-00C04F79EFBC}") = "UAModel.MachineryResult", "Types\UAModel.MachineryResult\UAModel.MachineryResult.csproj", "{E8AFB571-FD29-44BD-B786-DF484095F571}"
EndProject
Project("{FAE04EC0-301F-11D3-BF4B-00C04F79EFBC}") = "UAModel.IJTBase", "Types\UAModel.IJTBase\UAModel.IJTBase.csproj", "{278DA41A-4EDC-4F20-9A20-250F8C69E579}"
EndProject
Project("{FAE04EC0-301F-11D3-BF4B-00C04F79EFBC}") = "UAModel.IJTTightening", "Types\UAModel.IJTTightening\UAModel.IJTTightening.csproj", "{4B89F542-46C6-47FE-99A5-AFCA14D2E153}"
EndProject
Global
	GlobalSection(SolutionConfigurationPlatforms) = preSolution
		Debug|Any CPU = Debug|Any CPU
		Debug|x64 = Debug|x64
		Debug|x86 = Debug|x86
		Release|Any CPU = Release|Any CPU
		Release|x64 = Release|x64
		Release|x86 = Release|x86
	EndGlobalSection
	GlobalSection(ProjectConfigurationPlatforms) = postSolution
		{CD0E28D4-A0F4-49C8-8590-11C5F27A135A}.Debug|Any CPU.ActiveCfg = Debug|Any CPU
		{CD0E28D4-A0F4-49C8-8590-11C5F27A135A}.Debug|Any CPU.Build.0 = Debug|Any CPU
		{CD0E28D4-A0F4-49C8-8590-11C5F27A135A}.Debug|x64.ActiveCfg = Debug|Any CPU
		{CD0E28D4-A0F4-49C8-8590-11C5F27A135A}.Debug|x64.Build.0 = Debug|Any CPU
		{CD0E28D4-A0F4-49C8-8590-11C5F27A135A}.Debug|x86.ActiveCfg = Debug|Any CPU
		{CD0E28D4-A0F4-49C8-8590-11C5F27A135A}.Debug|x86.Build.0 = Debug|Any CPU
		{CD0E28D4-A0F4-49C8-8590-11C5F27A135A}.Release|Any CPU.ActiveCfg = Release|Any CPU
		{CD0E28D4-A0F4-49C8-8590-11C5F27A135A}.Release|Any CPU.Build.0 = Release|Any CPU
		{CD0E28D4-A0F4-49C8-8590-11C5F27A135A}.Release|x64.ActiveCfg = Release|Any CPU
		{CD0E28D4-A0F4-49C8-8590-11C5F27A135A}.Release|x64.Build.0 = Release|Any CPU
		{CD0E28D4-A0F4-49C8-8590-11C5F27A135A}.Release|x86.ActiveCfg = Release|Any CPU
		{CD0E28D4-A0F4-49C8-8590-11C5F27A135A}.Release|x86.Build.0 = Release|Any CPU
		{87655FA6-DC37-47CC-9186-90B9C17C3E4E}.Debug|Any CPU.ActiveCfg = Debug|Any CPU
		{87655FA6-DC37-47CC-9186-90B9C17C3E4E}.Debug|Any CPU.Build.0 = Debug|Any CPU
		{87655FA6-DC37-47CC-9186-90B9C17C3E4E}.Debug|x64.ActiveCfg = Debug|Any CPU
		{87655FA6-DC37-47CC-9186-90B9C17C3E4E}.Debug|x64.Build.0 = Debug|Any CPU
		{87655FA6-DC37-47CC-9186-90B9C17C3E4E}.Debug|x86.ActiveCfg = Debug|Any CPU
		{87655FA6-DC37-47CC-9186-90B9C17C3E4E}.Debug|x86.Build.0 = Debug|Any CPU
		{87655FA6-DC37-47CC-9186-90B9C17C3E4E}.Release|Any CPU.ActiveCfg = Release|Any CPU
		{87655FA6-DC37-47CC-9186-90B9C17C3E4E}.Release|Any CPU.Build.0 = Release|Any CPU
		{87655FA6-DC37-47CC-9186-90B9C17C3E4E}.Release|x64.ActiveCfg = Release|Any CPU
		{87655FA6-DC37-47CC-9186-90B9C17C3E4E}.Release|x64.Build.0 = Release|Any CPU
		{87655FA6-DC37-47CC-9186-90B9C17C3E4E}.Release|x86.ActiveCfg = Release|Any CPU
		{87655FA6-DC37-47CC-9186-90B9C17C3E4E}.Release|x86.Build.0 = Release|Any CPU
		{EB18A9CE-1DAB-4F36-877D-3D0A4F487B63}.Debug|Any CPU.ActiveCfg = Debug|Any CPU
		{EB18A9CE-1DAB-4F36-877D-3D0A4F487B63}.Debug|Any CPU.Build.0 = Debug|Any CPU
		{EB18A9CE-1DAB-4F36-877D-3D0A4F487B63}.Debug|x64.ActiveCfg = Debug|Any CPU
		{EB18A9CE-1DAB-4F36-877D-3D0A4F487B63}.Debug|x64.Build.0 = Debug|Any CPU
		{EB18A9CE-1DAB-4F36-877D-3D0A4F487B63}.Debug|x86.ActiveCfg = Debug|Any CPU
		{EB18A9CE-1DAB-4F36-877D-3D0A4F487B63}.Debug|x86.Build.0 = Debug|Any CPU
		{EB18A9CE-1DAB-4F36-877D-3D0A4F487B63}.Release|Any CPU.ActiveCfg = Release|Any CPU
		{EB18A9CE-1DAB-4F36-877D-3D0A4F487B63}.Release|Any CPU.Build.0 = Release|Any CPU
		{EB18A9CE-1DAB-4F36-877D-3D0A4F487B63}.Release|x64.ActiveCfg = Release|Any CPU
		{EB18A9CE-1DAB-4F36-877D-3D0A4F487B63}.Release|x64.Build.0 = Release|Any CPU
		{EB18A9CE-1DAB-4F36-877D-3D0A4F487B63}.Release|x86.ActiveCfg = Release|Any CPU
		{EB18A9CE-1DAB-4F36-877D-3D0A4F487B63}.Release|x86.Build.0 = Release|Any CPU
		{9D5B3481-4468-4ED5-AA3B-BC28EAD7524B}.Debug|Any CPU.ActiveCfg = Debug|Any CPU
		{9D5B3481-4468-4ED5-AA3B-BC28EAD7524B}.Debug|Any CPU.Build.0 = Debug|Any CPU
		{9D5B3481-4468-4ED5-AA3B-BC28EAD7524B}.Debug|x64.ActiveCfg = Debug|Any CPU
		{9D5B3481-4468-4ED5-AA3B-BC28EAD7524B}.Debug|x64.Build.0 = Debug|Any CPU
		{9D5B3481-4468-4ED5-AA3B-BC28EAD7524B}.Debug|x86.ActiveCfg = Debug|Any CPU
		{9D5B3481-4468-4ED5-AA3B-BC28EAD7524B}.Debug|x86.Build.0 = Debug|Any CPU
		{9D5B3481-4468-4ED5-AA3B-BC28EAD7524B}.Release|Any CPU.ActiveCfg = Release|Any CPU
		{9D5B3481-4468-4ED5-AA3B-BC28EAD7524B}.Release|Any CPU.Build.0 = Release|Any CPU
		{9D5B3481-4468-4ED5-AA3B-BC28EAD7524B}.Release|x64.ActiveCfg = Release|Any CPU
		{9D5B3481-4468-4ED5-AA3B-BC28EAD7524B}.Release|x64.Build.0 = Release|Any CPU
		{9D5B3481-4468-4ED5-AA3B-BC28EAD7524B}.Release|x86.ActiveCfg = Release|Any CPU
		{9D5B3481-4468-4ED5-AA3B-BC28EAD7524B}.Release|x86.Build.0 = Release|Any CPU
		{7A9E6D1D-A054-48BB-9CAD-092AF134819A}.Debug|Any CPU.ActiveCfg = Debug|Any CPU
		{7A9E6D1D-A054-48BB-9CAD-092AF134819A}.Debug|Any CPU.Build.0 = Debug|Any CPU
		{7A9E6D1D-A054-48BB-9CAD-092AF134819A}.Debug|x64.ActiveCfg = Debug|Any CPU
		{7A9E6D1D-A054-48BB-9CAD-092AF134819A}.Debug|x64.Build.0 = Debug|Any CPU
		{7A9E6D1D-A054-48BB-9CAD-092AF134819A}.Debug|x86.ActiveCfg = Debug|Any CPU
		{7A9E6D1D-A054-48BB-9CAD-092AF134819A}.Debug|x86.Build.0 = Debug|Any CPU
		{7A9E6D1D-A054-48BB-9CAD-092AF134819A}.Release|Any CPU.ActiveCfg = Release|Any CPU
		{7A9E6D1D-A054-48BB-9CAD-092AF134819A}.Release|Any CPU.Build.0 = Release|Any CPU
		{7A9E6D1D-A054-48BB-9CAD-092AF134819A}.Release|x64.ActiveCfg = Release|Any CPU
		{7A9E6D1D-A054-48BB-9CAD-092AF134819A}.Release|x64.Build.0 = Release|Any CPU
		{7A9E6D1D-A054-48BB-9CAD-092AF134819A}.Release|x86.ActiveCfg = Release|Any CPU
		{7A9E6D1D-A054-48BB-9CAD-092AF134819A}.Release|x86.Build.0 = Release|Any CPU
		{E8AFB571-FD29-44BD-B786-DF484095F571}.Debug|Any CPU.ActiveCfg = Debug|Any CPU
		{E8AFB571-FD29-44BD-B786-DF484095F571}.Debug|Any CPU.Build.0 = Debug|Any CPU
		{E8AFB571-FD29-44BD-B786-DF484095F571}.Debug|x64.ActiveCfg = Debug|Any CPU
		{E8AFB571-FD29-44BD-B786-DF484095F571}.Debug|x64.Build.0 = Debug|Any CPU
		{E8AFB571-FD29-44BD-B786-DF484095F571}.Debug|x86.ActiveCfg = Debug|Any CPU
		{E8AFB571-FD29-44BD-B786-DF484095F571}.Debug|x86.Build.0 = Debug|Any CPU
		{E8AFB571-FD29-44BD-B786-DF484095F571}.Release|Any CPU.ActiveCfg = Release|Any CPU
		{E8AFB571-FD29-44BD-B786-DF484095F571}.Release|Any CPU.Build.0 = Release|Any CPU
		{E8AFB571-FD29-44BD-B786-DF484095F571}.Release|x64.ActiveCfg = Release|Any CPU
		{E8AFB571-FD29-44BD-B786-DF484095F571}.Release|x64.Build.0 = Release|Any CPU
		{E8AFB571-FD29-44BD-B786-DF484095F571}.Release|x86.ActiveCfg = Release|Any CPU
		{E8AFB571-FD29-44BD-B786-DF484095F571}.Release|x86.Build.0 = Release|Any CPU
		{278DA41A-4EDC-4F20-9A20-250F8C69E579}.Debug|Any CPU.ActiveCfg = Debug|Any CPU
		{278DA41A-4EDC-4F20-9A20-250F8C69E579}.Debug|Any CPU.Build.0 = Debug|Any CPU
		{278DA41A-4EDC-4F20-9A20-250F8C69E579}.Debug|x64.ActiveCfg = Debug|Any CPU
		{278DA41A-4EDC-4F20-9A20-250F8C69E579}.Debug|x64.Build.0 = Debug|Any CPU
		{278DA41A-4EDC-4F20-9A20-250F8C69E579}.Debug|x86.ActiveCfg = Debug|Any CPU
		{278DA41A-4EDC-4F20-9A20-250F8C69E579}.Debug|x86.Build.0 = Debug|Any CPU
		{278DA41A-4EDC-4F20-9A20-250F8C69E579}.Release|Any CPU.ActiveCfg = Release|Any CPU
		{278DA41A-4EDC-4F20-9A20-250F8C69E579}.Release|Any CPU.Build.0 = Release|Any CPU
		{278DA41A-4EDC-4F20-9A20-250F8C69E579}.Release|x64.ActiveCfg = Release|Any CPU
		{278DA41A-4EDC-4F20-9A20-250F8C69E579}.Release|x64.Build.0 = Release|Any CPU
		{278DA41A-4EDC-4F20-9A20-250F8C69E579}.Release|x86.ActiveCfg = Release|Any CPU
		{278DA41A-4EDC-4F20-9A20-250F8C69E579}.Release|x86.Build.0 = Release|Any CPU
		{4B89F542-46C6-47FE-99A5-AFCA14D2E153}.Debug|Any CPU.ActiveCfg = Debug|Any CPU
		{4B89F542-46C6-47FE-99A5-AFCA14D2E153}.Debug|Any CPU.Build.0 = Debug|Any CPU
		{4B89F542-46C6-47FE-99A5-AFCA14D2E153}.Debug|x64.ActiveCfg = Debug|Any CPU
		{4B89F542-46C6-47FE-99A5-AFCA14D2E153}.Debug|x64.Build.0 = Debug|Any CPU
		{4B89F542-46C6-47FE-99A5-AFCA14D2E153}.Debug|x86.ActiveCfg = Debug|Any CPU
		{4B89F542-46C6-47FE-99A5-AFCA14D2E153}.Debug|x86.Build.0 = Debug|Any CPU
		{4B89F542-46C6-47FE-99A5-AFCA14D2E153}.Release|Any CPU.ActiveCfg = Release|Any CPU
		{4B89F542-46C6-47FE-99A5-AFCA14D2E153}.Release|Any CPU.Build.0 = Release|Any CPU
		{4B89F542-46C6-47FE-99A5-AFCA14D2E153}.Release|x64.ActiveCfg = Release|Any CPU
		{4B89F542-46C6-47FE-99A5-AFCA14D2E153}.Release|x64.Build.0 = Release|Any CPU
		{4B89F542-46C6-47FE-99A5-AFCA14D2E153}.Release|x86.ActiveCfg = Release|Any CPU
		{4B89F542-46C6-47FE-99A5-AFCA14D2E153}.Release|x86.Build.0 = Release|Any CPU
	EndGlobalSection
	GlobalSection(SolutionProperties) = preSolution
		HideSolutionNode = FALSE
	EndGlobalSection
	GlobalSection(NestedProjects) = preSolution
		{87655FA6-DC37-47CC-9186-90B9C17C3E4E} = {A17CA5E5-BE79-3E38-37C1-CE8EF472BA70}
		{EB18A9CE-1DAB-4F36-877D-3D0A4F487B63} = {A17CA5E5-BE79-3E38-37C1-CE8EF472BA70}
		{9D5B3481-4468-4ED5-AA3B-BC28EAD7524B} = {A17CA5E5-BE79-3E38-37C1-CE8EF472BA70}
		{7A9E6D1D-A054-48BB-9CAD-092AF134819A} = {A17CA5E5-BE79-3E38-37C1-CE8EF472BA70}
		{E8AFB571-FD29-44BD-B786-DF484095F571} = {A17CA5E5-BE79-3E38-37C1-CE8EF472BA70}
		{278DA41A-4EDC-4F20-9A20-250F8C69E579} = {A17CA5E5-BE79-3E38-37C1-CE8EF472BA70}
		{4B89F542-46C6-47FE-99A5-AFCA14D2E153} = {A17CA5E5-BE79-3E38-37C1-CE8EF472BA70}
	EndGlobalSection
EndGlobal
