{
  "version": 2,
  "dependencies": {
    "net10.0": {
      "Microsoft.Extensions.Logging.Console": {
        "type": "Direct",
        "requested": "[10.0.12, )",
        "resolved": "10.0.12",
        "contentHash": "nHvaR8gO0CdEfG324KdUsP3Hqgdf1licZb+UlNh5pFYw7+o8QYTmiMgFmwayE/LPSpaqND/Qn3xHa1cI9b8x0w==",
        "dependencies": {
          "Microsoft.Extensions.DependencyInjection.Abstractions": "10.0.12",
          "Microsoft.Extensions.Logging": "10.0.12",
          "Microsoft.Extensions.Logging.Abstractions": "10.0.12",
          "Microsoft.Extensions.Logging.Configuration": "10.0.12",
          "Microsoft.Extensions.Options": "10.0.12"
        }
      },
      "OPCFoundation.NetStandard.Opc.Ua": {
        "type": "Direct",
        "requested": "[1.5.378.176, )",
        "resolved": "1.5.378.176",
        "contentHash": "iAKqmfl6BT6RP8AGGFfJbpoM2IgSJf7J6A78M8XWjcWyaDsyIAVGl/QDU2exVlDtkpuPSJTcwiEFBDoJlbY/GQ==",
        "dependencies": {
          "OPCFoundation.NetStandard.Opc.Ua.Client": "1.5.378.176",
          "OPCFoundation.NetStandard.Opc.Ua.Configuration": "1.5.378.176",
          "OPCFoundation.NetStandard.Opc.Ua.Core": "1.5.378.176",
          "OPCFoundation.NetStandard.Opc.Ua.Gds.Client.Common": "1.5.378.176",
          "OPCFoundation.NetStandard.Opc.Ua.Gds.Server.Common": "1.5.378.176",
          "OPCFoundation.NetStandard.Opc.Ua.Security.Certificates": "1.5.378.176",
          "OPCFoundation.NetStandard.Opc.Ua.Server": "1.5.378.176",
          "OPCFoundation.NetStandard.Opc.Ua.Types": "1.5.378.176"
        }
      },
      "BitFaster.Caching": {
        "type": "Transitive",
        "resolved": "2.6.0",
        "contentHash": "iF2dMiGpaya8Umwi0OfsGKtq3aMVgHVsBChwQL+NhShEsRorcoTinGf9FFNBnBMwJW2Vm0FqhtOaEBY0+74p6g=="
      },
      "Microsoft.Extensions.Configuration": {
        "type": "Transitive",
        "resolved": "10.0.12",
        "contentHash": "e3IPP32CRNL031VZJAUTlCTG0YN7WFh4mN3fsSHTDQCJB+3+f0jGycv4fXk3rrftaY3B85XrQaj7sRthrOsavg==",
        "dependencies": {
          "Microsoft.Extensions.Configuration.Abstractions": "10.0.12",
          "Microsoft.Extensions.Primitives": "10.0.12"
        }
      },
      "Microsoft.Extensions.Configuration.Abstractions": {
        "type": "Transitive",
        "resolved": "10.0.12",
        "contentHash": "8xaGcvS/qZ1otoxPQCEJkNva389CVL/plNcvIETZhQTETYdRkYDPEYhUMoAGONo4FU45ufdfE0j29AfWVVj0wA==",
        "dependencies": {
          "Microsoft.Extensions.Primitives": "10.0.12"
        }
      },
      "Microsoft.Extensions.Configuration.Binder": {
        "type": "Transitive",
        "resolved": "10.0.12",
        "contentHash": "dAgIf1TOr8KLs+aBRIbXUZBjHoSH4rDG8+XkX/Q6AZwkQdMA0+yPDKTHsieeXdZDfpOpZVHzOnuAb5Z2nX3KsA==",
        "dependencies": {
          "Microsoft.Extensions.Configuration": "10.0.12",
          "Microsoft.Extensions.Configuration.Abstractions": "10.0.12"
        }
      },
      "Microsoft.Extensions.DependencyInjection": {
        "type": "Transitive",
        "resolved": "10.0.12",
        "contentHash": "lXyK2O5GoYvfxW8eCFcD16JFbcoSTM1sJkAM0UHS1jZyl9NYMW64Tqm6OQFT0IDBjZi+xHt95/Zg+nxZhGFhZg==",
        "dependencies": {
          "Microsoft.Extensions.DependencyInjection.Abstractions": "10.0.12"
        }
      },
      "Microsoft.Extensions.DependencyInjection.Abstractions": {
        "type": "Transitive",
        "resolved": "10.0.12",
        "contentHash": "9/qymSh7hVDMGTGwrLz8MRp5zRyXy9adGDOs4HwRdnLil3oZGYuWeZjbmHgCQ9BL1qBroVfgUK3U/nb61617Cw=="
      },
      "Microsoft.Extensions.Logging": {
        "type": "Transitive",
        "resolved": "10.0.12",
        "contentHash": "6I46fTPfgYkrjRYfRXbho9WOvOelTnNjWuZws/hzGHDASH1LEJeA4VKK9k3wJvido8o7jJSB5WkMTonX7HM1bA==",
        "dependencies": {
          "Microsoft.Extensions.DependencyInjection": "10.0.12",
          "Microsoft.Extensions.Logging.Abstractions": "10.0.12",
          "Microsoft.Extensions.Options": "10.0.12"
        }
      },
      "Microsoft.Extensions.Logging.Abstractions": {
        "type": "Transitive",
        "resolved": "10.0.12",
        "contentHash": "+24lC4plfbEDNfLAdTV/SWKS7dW+16X4HdydO3R++134kSNTzcbYA4KpR1Hdh6uWisB8Za3AzwyOn+K+NxWIug==",
        "dependencies": {
          "Microsoft.Extensions.DependencyInjection.Abstractions": "10.0.12"
        }
      },
      "Microsoft.Extensions.Logging.Configuration": {
        "type": "Transitive",
        "resolved": "10.0.12",
        "contentHash": "CLHWfKQZWFE6fSzRXfjd4UlGveckkfPtwx/p5yF/o3hEkMSzGsl7MSxNAkI19hjw0rprBqrQC09Dwy6Lh6kweA==",
        "dependencies": {
          "Microsoft.Extensions.Configuration": "10.0.12",
          "Microsoft.Extensions.Configuration.Abstractions": "10.0.12",
          "Microsoft.Extensions.Configuration.Binder": "10.0.12",
          "Microsoft.Extensions.DependencyInjection.Abstractions": "10.0.12",
          "Microsoft.Extensions.Logging": "10.0.12",
          "Microsoft.Extensions.Logging.Abstractions": "10.0.12",
          "Microsoft.Extensions.Options": "10.0.12",
          "Microsoft.Extensions.Options.ConfigurationExtensions": "10.0.12"
        }
      },
      "Microsoft.Extensions.Options": {
        "type": "Transitive",
        "resolved": "10.0.12",
        "contentHash": "TDYD33TSRpXKZWlmTXNlj5kCihxatmv2Ec1u6C+bMYLphCS7PoSLE9Pjd/nunDoE7yETk+LLKjVJX78HYtWjpA==",
        "dependencies": {
          "Microsoft.Extensions.DependencyInjection.Abstractions": "10.0.12",
          "Microsoft.Extensions.Primitives": "10.0.12"
        }
      },
      "Microsoft.Extensions.Options.ConfigurationExtensions": {
        "type": "Transitive",
        "resolved": "10.0.12",
        "contentHash": "rqpu4qj5WE9x1IHGXSIgHBKi7IUlQaHyp4aXCYIanG2OghlUMFZpZTgExaXwcvmLAJHsxKQWMPpc7D2WIbCVtA==",
        "dependencies": {
          "Microsoft.Extensions.Configuration.Abstractions": "10.0.12",
          "Microsoft.Extensions.Configuration.Binder": "10.0.12",
          "Microsoft.Extensions.DependencyInjection.Abstractions": "10.0.12",
          "Microsoft.Extensions.Options": "10.0.12",
          "Microsoft.Extensions.Primitives": "10.0.12"
        }
      },
      "Microsoft.Extensions.Primitives": {
        "type": "Transitive",
        "resolved": "10.0.12",
        "contentHash": "dYfCLR52UA+3DL7C4I/pvSaRPkNqxrUAQmbFL2u0zvYKKzqgrFCJl08Df+F1aYc8leu9JvpC9bsURUdpExcBXQ=="
      },
      "Newtonsoft.Json": {
        "type": "Transitive",
        "resolved": "13.0.4",
        "contentHash": "pdgNNMai3zv51W5aq268sujXUyx7SNdE2bj1wZcWjAQrKMFZV260lbqYop1d2GM67JI1huLRwxo9ZqnfF/lC6A=="
      },
      "OPCFoundation.NetStandard.Opc.Ua.Client": {
        "type": "Transitive",
        "resolved": "1.5.378.176",
        "contentHash": "S69pGBZK73tJIYfR2IqRIl2qy/r4kodeSaOXnwz3hkQtJSd++Ts3C612v3KYIKgK48jkArWOiVXQhdSTKvqwyA==",
        "dependencies": {
          "BitFaster.Caching": "2.6.0",
          "OPCFoundation.NetStandard.Opc.Ua.Configuration": "1.5.378.176",
          "OPCFoundation.NetStandard.Opc.Ua.Core": "1.5.378.176"
        }
      },
      "OPCFoundation.NetStandard.Opc.Ua.Configuration": {
        "type": "Transitive",
        "resolved": "1.5.378.176",
        "contentHash": "96eSjJ1+TyvrP9rgZs5Eb2KGqz666irjmMCQAcM3Cg8k4zNFtkM4+om67vpHLGiGn0YtM1mKOEEpk+0ziLwosw==",
        "dependencies": {
          "OPCFoundation.NetStandard.Opc.Ua.Core": "1.5.378.176"
        }
      },
      "OPCFoundation.NetStandard.Opc.Ua.Gds.Client.Common": {
        "type": "Transitive",
        "resolved": "1.5.378.176",
        "contentHash": "MN7HRDASQxLgnvhm9Q+LOJCjQGji8zETD58YR6T6/SEd6hspsmO3Y5TfxlsxTi/+Xd1memIMGjwsDvnqp4a8Ew==",
        "dependencies": {
          "OPCFoundation.NetStandard.Opc.Ua.Client": "1.5.378.176",
          "OPCFoundation.NetStandard.Opc.Ua.Core": "1.5.378.176"
        }
      },
      "OPCFoundation.NetStandard.Opc.Ua.Gds.Server.Common": {
        "type": "Transitive",
        "resolved": "1.5.378.176",
        "contentHash": "L/ZCzcLtbK4rIN1gz12aKFixYGK1Fpdt+2EN90SwVwj//JYw4F5S0CGNZ0Z6oUADKi7FcFd6BEApEvfxRS+V0w==",
        "dependencies": {
          "OPCFoundation.NetStandard.Opc.Ua.Core": "1.5.378.176",
          "OPCFoundation.NetStandard.Opc.Ua.Security.Certificates": "1.5.378.176",
          "OPCFoundation.NetStandard.Opc.Ua.Server": "1.5.378.176"
        }
      },
      "OPCFoundation.NetStandard.Opc.Ua.Security.Certificates": {
        "type": "Transitive",
        "resolved": "1.5.378.176",
        "contentHash": "8tuF/PgDzlGtjVjD4UZP9KNOtQrFsM/u/Gn/CHq6XmL5IzBC66bBKyus9/KMGr6RTzgCJnS4EXAdTrTcbfjnIw==",
        "dependencies": {
          "OPCFoundation.NetStandard.Opc.Ua.Types": "1.5.378.176"
        }
      },
      "OPCFoundation.NetStandard.Opc.Ua.Server": {
        "type": "Transitive",
        "resolved": "1.5.378.176",
        "contentHash": "C3RamTf4kWuCnuKMo18h8mhY3rBtScmQ7CWL2PCIQwP9p8R65c6GmiFYIsg4cgaUHrBmm6JKf07cvya1eLC2FQ==",
        "dependencies": {
          "OPCFoundation.NetStandard.Opc.Ua.Configuration": "1.5.378.176",
          "OPCFoundation.NetStandard.Opc.Ua.Core": "1.5.378.176"
        }
      },
      "OPCFoundation.NetStandard.Opc.Ua.Types": {
        "type": "Transitive",
        "resolved": "1.5.378.176",
        "contentHash": "kATDAUMKIQ42VJluTmI6+PSQpIukLp/L7sYrdlMddZ5a8tNcEgXumpkEvz6ozKFGc/fUcww57fYb0740aY453g==",
        "dependencies": {
          "Microsoft.Extensions.Logging.Abstractions": "10.0.8"
        }
      },
      "uamodel.amb": {
        "type": "Project",
        "dependencies": {
          "OPCFoundation.NetStandard.Opc.Ua.Core": "[1.5.378.176, )"
        }
      },
      "uamodel.di": {
        "type": "Project",
        "dependencies": {
          "OPCFoundation.NetStandard.Opc.Ua.Core": "[1.5.378.176, )"
        }
      },
      "uamodel.ia": {
        "type": "Project",
        "dependencies": {
          "OPCFoundation.NetStandard.Opc.Ua.Core": "[1.5.378.176, )",
          "UAModel.DI": "[1.0.0, )"
        }
      },
      "uamodel.ijtbase": {
        "type": "Project",
        "dependencies": {
          "OPCFoundation.NetStandard.Opc.Ua.Core": "[1.5.378.176, )",
          "UAModel.AMB": "[1.0.0, )",
          "UAModel.DI": "[1.0.0, )",
          "UAModel.IA": "[1.0.0, )",
          "UAModel.Machinery": "[1.0.0, )",
          "UAModel.MachineryResult": "[1.0.0, )"
        }
      },
      "uamodel.ijttightening": {
        "type": "Project",
        "dependencies": {
          "OPCFoundation.NetStandard.Opc.Ua.Core": "[1.5.378.176, )",
          "UAModel.AMB": "[1.0.0, )",
          "UAModel.DI": "[1.0.0, )",
          "UAModel.IA": "[1.0.0, )",
          "UAModel.IJTBase": "[1.0.0, )",
          "UAModel.Machinery": "[1.0.0, )",
          "UAModel.MachineryResult": "[1.0.0, )"
        }
      },
      "uamodel.machinery": {
        "type": "Project",
        "dependencies": {
          "OPCFoundation.NetStandard.Opc.Ua.Core": "[1.5.378.176, )",
          "UAModel.DI": "[1.0.0, )",
          "UAModel.IA": "[1.0.0, )"
        }
      },
      "uamodel.machineryresult": {
        "type": "Project",
        "dependencies": {
          "OPCFoundation.NetStandard.Opc.Ua.Core": "[1.5.378.176, )"
        }
      },
      "OPCFoundation.NetStandard.Opc.Ua.Core": {
        "type": "CentralTransitive",
        "requested": "[1.5.378.176, )",
        "resolved": "1.5.378.176",
        "contentHash": "AavQSop8he3oyJPJLoCEFrXTtltRSTwy0NSS9E11lILrOd4R4Fkki/HR8evlM0yEBPWWySeWm50Afk3InvLJww==",
        "dependencies": {
          "Microsoft.Extensions.Logging": "10.0.8",
          "Newtonsoft.Json": "13.0.4",
          "OPCFoundation.NetStandard.Opc.Ua.Security.Certificates": "1.5.378.176",
          "OPCFoundation.NetStandard.Opc.Ua.Types": "1.5.378.176"
        }
      }
    }
  }
}