{
  "version": 2,
  "dependencies": {
    "net10.0": {
      "Microsoft.Extensions.Logging.Console": {
        "type": "Direct",
        "requested": "[10.0.11, )",
        "resolved": "10.0.11",
        "contentHash": "dFc0yDudyD1iIg6z9XT7ofsT3hVO7Y4ylrxGHIVRR0GaZ4CUk4ujOrMoy7wWEdNHZhvJooySg6hZpOxyS8zEVA==",
        "dependencies": {
          "Microsoft.Extensions.DependencyInjection.Abstractions": "10.0.11",
          "Microsoft.Extensions.Logging": "10.0.11",
          "Microsoft.Extensions.Logging.Abstractions": "10.0.11",
          "Microsoft.Extensions.Logging.Configuration": "10.0.11",
          "Microsoft.Extensions.Options": "10.0.11"
        }
      },
      "OPCFoundation.NetStandard.Opc.Ua": {
        "type": "Direct",
        "requested": "[1.5.378.156, )",
        "resolved": "1.5.378.156",
        "contentHash": "s2ut4cgUqnkimNMd74O1yGg57qiHo9aMccixds8Cw7krZg7a5V0qgr1Vhw47t3gdf2+FjNUQl2IQ08yXck+x0Q==",
        "dependencies": {
          "OPCFoundation.NetStandard.Opc.Ua.Client": "1.5.378.156",
          "OPCFoundation.NetStandard.Opc.Ua.Configuration": "1.5.378.156",
          "OPCFoundation.NetStandard.Opc.Ua.Core": "1.5.378.156",
          "OPCFoundation.NetStandard.Opc.Ua.Gds.Client.Common": "1.5.378.156",
          "OPCFoundation.NetStandard.Opc.Ua.Gds.Server.Common": "1.5.378.156",
          "OPCFoundation.NetStandard.Opc.Ua.Security.Certificates": "1.5.378.156",
          "OPCFoundation.NetStandard.Opc.Ua.Server": "1.5.378.156",
          "OPCFoundation.NetStandard.Opc.Ua.Types": "1.5.378.156"
        }
      },
      "BitFaster.Caching": {
        "type": "Transitive",
        "resolved": "2.6.0",
        "contentHash": "iF2dMiGpaya8Umwi0OfsGKtq3aMVgHVsBChwQL+NhShEsRorcoTinGf9FFNBnBMwJW2Vm0FqhtOaEBY0+74p6g=="
      },
      "Microsoft.Extensions.Configuration": {
        "type": "Transitive",
        "resolved": "10.0.11",
        "contentHash": "wlhRqZW8LcJPa+vk2oLAc/REXDItHtkFQdf/QcXYGZbZOO13izcsKY1pCvuFQYwUiZD+hwSZwsKASjqT+BNaVg==",
        "dependencies": {
          "Microsoft.Extensions.Configuration.Abstractions": "10.0.11",
          "Microsoft.Extensions.Primitives": "10.0.11"
        }
      },
      "Microsoft.Extensions.Configuration.Abstractions": {
        "type": "Transitive",
        "resolved": "10.0.11",
        "contentHash": "fVi053xdpda9Em7vSkmgVxO/PtgC2m78ekReKWsgcyskqY0U82Bz/MONwxpGzI0hElYKJfw+fupqMVeKW3fSaA==",
        "dependencies": {
          "Microsoft.Extensions.Primitives": "10.0.11"
        }
      },
      "Microsoft.Extensions.Configuration.Binder": {
        "type": "Transitive",
        "resolved": "10.0.11",
        "contentHash": "rFn8RuszZn3qquPVkDytMUlPc2+rXl9MCoygwc1XmAgC5vg5/oXJ8hkOosOrLoBLsqdTy4lFwP6iQdPS9uSYOA==",
        "dependencies": {
          "Microsoft.Extensions.Configuration": "10.0.11",
          "Microsoft.Extensions.Configuration.Abstractions": "10.0.11"
        }
      },
      "Microsoft.Extensions.DependencyInjection": {
        "type": "Transitive",
        "resolved": "10.0.11",
        "contentHash": "PSmotV19c7E3lKed++uYo1kSiXFI+uTl37CBSrhq+CfLC3FCHjG7R91+xPnNehQfHS1b0Tzo/CCLPWH3qaEheg==",
        "dependencies": {
          "Microsoft.Extensions.DependencyInjection.Abstractions": "10.0.11"
        }
      },
      "Microsoft.Extensions.DependencyInjection.Abstractions": {
        "type": "Transitive",
        "resolved": "10.0.11",
        "contentHash": "/a1aJz4m7ylhEDf25ugQChLQoN5XwoGjWw/BoR/ZWWKsO1v4DdJElS1uyngahz4B/eOzjFk1KNTkarRLE5wsIg=="
      },
      "Microsoft.Extensions.Logging": {
        "type": "Transitive",
        "resolved": "10.0.11",
        "contentHash": "nUOJwgFkSiLHiVGFpU22pIJtuWYewuSYQ3JVuP/gdK8ASMT807Px+TYQiRWs6uSsOmoyFTaVCwKXTasczV6BpA==",
        "dependencies": {
          "Microsoft.Extensions.DependencyInjection": "10.0.11",
          "Microsoft.Extensions.Logging.Abstractions": "10.0.11",
          "Microsoft.Extensions.Options": "10.0.11"
        }
      },
      "Microsoft.Extensions.Logging.Abstractions": {
        "type": "Transitive",
        "resolved": "10.0.11",
        "contentHash": "Ljd0Uxoq5XpScD2Bg0nM/r3mwx7Ao5Uq24eo2ARxbGvqJ7Zht6rt2cJtwVRH4Cv+1ZVMdXz6TB43KbpmsxRrvQ==",
        "dependencies": {
          "Microsoft.Extensions.DependencyInjection.Abstractions": "10.0.11"
        }
      },
      "Microsoft.Extensions.Logging.Configuration": {
        "type": "Transitive",
        "resolved": "10.0.11",
        "contentHash": "S7LvLeVHKNPaY2NMyxW7c2TBGsLgxoSUBCV5Ev5iN8kgC7EPR2UB7eW7vHsElGMcIUDwRmoxLfvGDynCn3q6EA==",
        "dependencies": {
          "Microsoft.Extensions.Configuration": "10.0.11",
          "Microsoft.Extensions.Configuration.Abstractions": "10.0.11",
          "Microsoft.Extensions.Configuration.Binder": "10.0.11",
          "Microsoft.Extensions.DependencyInjection.Abstractions": "10.0.11",
          "Microsoft.Extensions.Logging": "10.0.11",
          "Microsoft.Extensions.Logging.Abstractions": "10.0.11",
          "Microsoft.Extensions.Options": "10.0.11",
          "Microsoft.Extensions.Options.ConfigurationExtensions": "10.0.11"
        }
      },
      "Microsoft.Extensions.Options": {
        "type": "Transitive",
        "resolved": "10.0.11",
        "contentHash": "eY1GAKcTfD2maP27J84X9IovT3yjHJ2dVDzPmDg6/XqYvt3jMzJhtfQCLjG9pVsZGAd+8DQ2QrjaDcs2+VQLGw==",
        "dependencies": {
          "Microsoft.Extensions.DependencyInjection.Abstractions": "10.0.11",
          "Microsoft.Extensions.Primitives": "10.0.11"
        }
      },
      "Microsoft.Extensions.Options.ConfigurationExtensions": {
        "type": "Transitive",
        "resolved": "10.0.11",
        "contentHash": "syEhXQ/sEaSBFaqzlp9gDGHX/nk6gkQkh1sIUpBO1mlBj3Phu1rmb4ML1uCiyPW9N6Kxfxv3y5FGObC+bV01Qw==",
        "dependencies": {
          "Microsoft.Extensions.Configuration.Abstractions": "10.0.11",
          "Microsoft.Extensions.Configuration.Binder": "10.0.11",
          "Microsoft.Extensions.DependencyInjection.Abstractions": "10.0.11",
          "Microsoft.Extensions.Options": "10.0.11",
          "Microsoft.Extensions.Primitives": "10.0.11"
        }
      },
      "Microsoft.Extensions.Primitives": {
        "type": "Transitive",
        "resolved": "10.0.11",
        "contentHash": "SXcz+kF+4Oo9b1+55zntpJFYfwb1jw66ioxptyNOOTDc8g2FHnBFWjZpsWfCvZIhzr0x+4e2trVTs4OKwQfBtw=="
      },
      "Newtonsoft.Json": {
        "type": "Transitive",
        "resolved": "13.0.4",
        "contentHash": "pdgNNMai3zv51W5aq268sujXUyx7SNdE2bj1wZcWjAQrKMFZV260lbqYop1d2GM67JI1huLRwxo9ZqnfF/lC6A=="
      },
      "OPCFoundation.NetStandard.Opc.Ua.Client": {
        "type": "Transitive",
        "resolved": "1.5.378.156",
        "contentHash": "vQkaAX4JKaNxFERcp1ao9jo4358s5g7Ir58Ie55X/w0LuGTS12u6a2GoGsWSUPzjdAsdNLuPWUsFtO6WXO5ATA==",
        "dependencies": {
          "BitFaster.Caching": "2.6.0",
          "OPCFoundation.NetStandard.Opc.Ua.Configuration": "1.5.378.156",
          "OPCFoundation.NetStandard.Opc.Ua.Core": "1.5.378.156"
        }
      },
      "OPCFoundation.NetStandard.Opc.Ua.Configuration": {
        "type": "Transitive",
        "resolved": "1.5.378.156",
        "contentHash": "N2Wkmkp4bWgmq0eS9ZbHwD6A1hV2h0Nr0CMGO6EqkZs1Jh3ntNTnLJSR4MPrKifgY9Yz7/DnH6jQhJAUxrpq4g==",
        "dependencies": {
          "OPCFoundation.NetStandard.Opc.Ua.Core": "1.5.378.156"
        }
      },
      "OPCFoundation.NetStandard.Opc.Ua.Gds.Client.Common": {
        "type": "Transitive",
        "resolved": "1.5.378.156",
        "contentHash": "F1nfBQfQO0oGHvYPTC8fOSgqsrNT3S/dZKQG02/Xkz+wJl0vSGpQ+bB+0gzPKiaeVrGCxWs3d2d3FI5lsYzBxA==",
        "dependencies": {
          "OPCFoundation.NetStandard.Opc.Ua.Client": "1.5.378.156",
          "OPCFoundation.NetStandard.Opc.Ua.Core": "1.5.378.156"
        }
      },
      "OPCFoundation.NetStandard.Opc.Ua.Gds.Server.Common": {
        "type": "Transitive",
        "resolved": "1.5.378.156",
        "contentHash": "v/ZFFmyCDRgKTbzLKYsNjeV4YcryZUs0mS7Baiihp010IodTjn0+fn55dBETxDBaLTtwUrphGzigk0vYsF0fpQ==",
        "dependencies": {
          "OPCFoundation.NetStandard.Opc.Ua.Core": "1.5.378.156",
          "OPCFoundation.NetStandard.Opc.Ua.Security.Certificates": "1.5.378.156",
          "OPCFoundation.NetStandard.Opc.Ua.Server": "1.5.378.156"
        }
      },
      "OPCFoundation.NetStandard.Opc.Ua.Security.Certificates": {
        "type": "Transitive",
        "resolved": "1.5.378.156",
        "contentHash": "5GAhgHTantBMKAm8MdEFdMFF2tqpMOzDgwAt6yHa653rMw5ed3M0cr2uBsfBX7v6aX6jbBx0r0xum5E6tWNFyg==",
        "dependencies": {
          "OPCFoundation.NetStandard.Opc.Ua.Types": "1.5.378.156"
        }
      },
      "OPCFoundation.NetStandard.Opc.Ua.Server": {
        "type": "Transitive",
        "resolved": "1.5.378.156",
        "contentHash": "whwGtIT/Md/E4KkPa3FZ23z2hjydoSJwFSKj84cwV2QP93Op2gNEGleqeimSuEbzNi3zzSR+DPHvOQBPLiJnxQ==",
        "dependencies": {
          "OPCFoundation.NetStandard.Opc.Ua.Configuration": "1.5.378.156",
          "OPCFoundation.NetStandard.Opc.Ua.Core": "1.5.378.156"
        }
      },
      "OPCFoundation.NetStandard.Opc.Ua.Types": {
        "type": "Transitive",
        "resolved": "1.5.378.156",
        "contentHash": "YFE42PxZvdZ09wNGwrGKoJwU05a1DJbOMVTBdeWoe1Nnb0RXjzTMzQ2I4uFK1ZDrxgNW+ykH6IqMTZUNl8IJKg==",
        "dependencies": {
          "Microsoft.Extensions.Logging.Abstractions": "10.0.8"
        }
      },
      "uamodel.amb": {
        "type": "Project",
        "dependencies": {
          "OPCFoundation.NetStandard.Opc.Ua.Core": "[1.5.378.156, )"
        }
      },
      "uamodel.di": {
        "type": "Project",
        "dependencies": {
          "OPCFoundation.NetStandard.Opc.Ua.Core": "[1.5.378.156, )"
        }
      },
      "uamodel.ia": {
        "type": "Project",
        "dependencies": {
          "OPCFoundation.NetStandard.Opc.Ua.Core": "[1.5.378.156, )",
          "UAModel.DI": "[1.0.0, )"
        }
      },
      "uamodel.ijtbase": {
        "type": "Project",
        "dependencies": {
          "OPCFoundation.NetStandard.Opc.Ua.Core": "[1.5.378.156, )",
          "UAModel.AMB": "[1.0.0, )",
          "UAModel.DI": "[1.0.0, )",
          "UAModel.IA": "[1.0.0, )",
          "UAModel.Machinery": "[1.0.0, )",
          "UAModel.MachineryResult": "[1.0.0, )"
        }
      },
      "uamodel.ijttightening": {
        "type": "Project",
        "dependencies": {
          "OPCFoundation.NetStandard.Opc.Ua.Core": "[1.5.378.156, )",
          "UAModel.AMB": "[1.0.0, )",
          "UAModel.DI": "[1.0.0, )",
          "UAModel.IA": "[1.0.0, )",
          "UAModel.IJTBase": "[1.0.0, )",
          "UAModel.Machinery": "[1.0.0, )",
          "UAModel.MachineryResult": "[1.0.0, )"
        }
      },
      "uamodel.machinery": {
        "type": "Project",
        "dependencies": {
          "OPCFoundation.NetStandard.Opc.Ua.Core": "[1.5.378.156, )",
          "UAModel.DI": "[1.0.0, )",
          "UAModel.IA": "[1.0.0, )"
        }
      },
      "uamodel.machineryresult": {
        "type": "Project",
        "dependencies": {
          "OPCFoundation.NetStandard.Opc.Ua.Core": "[1.5.378.156, )"
        }
      },
      "OPCFoundation.NetStandard.Opc.Ua.Core": {
        "type": "CentralTransitive",
        "requested": "[1.5.378.156, )",
        "resolved": "1.5.378.156",
        "contentHash": "gJz1u06tNlBFQY/fX1B7ajj+bFkGey5tD4EAZJhIvOi5BpOd+TUFIu/DBVijhnYc+YNyK0E+RZuoEyCu3N/l+w==",
        "dependencies": {
          "Microsoft.Extensions.Logging": "10.0.8",
          "Newtonsoft.Json": "13.0.4",
          "OPCFoundation.NetStandard.Opc.Ua.Security.Certificates": "1.5.378.156",
          "OPCFoundation.NetStandard.Opc.Ua.Types": "1.5.378.156"
        }
      }
    }
  }
}