{
  "version": 2,
  "dependencies": {
    "net10.0": {
      "Microsoft.Extensions.Logging.Console": {
        "type": "Direct",
        "requested": "[10.0.12, )",
        "resolved": "10.0.12",
        "contentHash": "nHvaR8gO0CdEfG324KdUsP3Hqgdf1licZb+UlNh5pFYw7+o8QYTmiMgFmwayE/LPSpaqND/Qn3xHa1cI9b8x0w==",
        "dependencies": {
          "Microsoft.Extensions.DependencyInjection.Abstractions": "10.0.12",
          "Microsoft.Extensions.Logging": "10.0.12",
          "Microsoft.Extensions.Logging.Abstractions": "10.0.12",
          "Microsoft.Extensions.Logging.Configuration": "10.0.12",
          "Microsoft.Extensions.Options": "10.0.12"
        }
      },
      "OPCFoundation.NetStandard.Opc.Ua": {
        "type": "Direct",
        "requested": "[1.5.378.156, )",
        "resolved": "1.5.378.156",
        "contentHash": "s2ut4cgUqnkimNMd74O1yGg57qiHo9aMccixds8Cw7krZg7a5V0qgr1Vhw47t3gdf2+FjNUQl2IQ08yXck+x0Q==",
        "dependencies": {
          "OPCFoundation.NetStandard.Opc.Ua.Client": "1.5.378.156",
          "OPCFoundation.NetStandard.Opc.Ua.Configuration": "1.5.378.156",
          "OPCFoundation.NetStandard.Opc.Ua.Core": "1.5.378.156",
          "OPCFoundation.NetStandard.Opc.Ua.Gds.Client.Common": "1.5.378.156",
          "OPCFoundation.NetStandard.Opc.Ua.Gds.Server.Common": "1.5.378.156",
          "OPCFoundation.NetStandard.Opc.Ua.Security.Certificates": "1.5.378.156",
          "OPCFoundation.NetStandard.Opc.Ua.Server": "1.5.378.156",
          "OPCFoundation.NetStandard.Opc.Ua.Types": "1.5.378.156"
        }
      },
      "BitFaster.Caching": {
        "type": "Transitive",
        "resolved": "2.6.0",
        "contentHash": "iF2dMiGpaya8Umwi0OfsGKtq3aMVgHVsBChwQL+NhShEsRorcoTinGf9FFNBnBMwJW2Vm0FqhtOaEBY0+74p6g=="
      },
      "Microsoft.Extensions.Configuration": {
        "type": "Transitive",
        "resolved": "10.0.12",
        "contentHash": "e3IPP32CRNL031VZJAUTlCTG0YN7WFh4mN3fsSHTDQCJB+3+f0jGycv4fXk3rrftaY3B85XrQaj7sRthrOsavg==",
        "dependencies": {
          "Microsoft.Extensions.Configuration.Abstractions": "10.0.12",
          "Microsoft.Extensions.Primitives": "10.0.12"
        }
      },
      "Microsoft.Extensions.Configuration.Abstractions": {
        "type": "Transitive",
        "resolved": "10.0.12",
        "contentHash": "8xaGcvS/qZ1otoxPQCEJkNva389CVL/plNcvIETZhQTETYdRkYDPEYhUMoAGONo4FU45ufdfE0j29AfWVVj0wA==",
        "dependencies": {
          "Microsoft.Extensions.Primitives": "10.0.12"
        }
      },
      "Microsoft.Extensions.Configuration.Binder": {
        "type": "Transitive",
        "resolved": "10.0.12",
        "contentHash": "dAgIf1TOr8KLs+aBRIbXUZBjHoSH4rDG8+XkX/Q6AZwkQdMA0+yPDKTHsieeXdZDfpOpZVHzOnuAb5Z2nX3KsA==",
        "dependencies": {
          "Microsoft.Extensions.Configuration": "10.0.12",
          "Microsoft.Extensions.Configuration.Abstractions": "10.0.12"
        }
      },
      "Microsoft.Extensions.DependencyInjection": {
        "type": "Transitive",
        "resolved": "10.0.12",
        "contentHash": "lXyK2O5GoYvfxW8eCFcD16JFbcoSTM1sJkAM0UHS1jZyl9NYMW64Tqm6OQFT0IDBjZi+xHt95/Zg+nxZhGFhZg==",
        "dependencies": {
          "Microsoft.Extensions.DependencyInjection.Abstractions": "10.0.12"
        }
      },
      "Microsoft.Extensions.DependencyInjection.Abstractions": {
        "type": "Transitive",
        "resolved": "10.0.12",
        "contentHash": "9/qymSh7hVDMGTGwrLz8MRp5zRyXy9adGDOs4HwRdnLil3oZGYuWeZjbmHgCQ9BL1qBroVfgUK3U/nb61617Cw=="
      },
      "Microsoft.Extensions.Logging": {
        "type": "Transitive",
        "resolved": "10.0.12",
        "contentHash": "6I46fTPfgYkrjRYfRXbho9WOvOelTnNjWuZws/hzGHDASH1LEJeA4VKK9k3wJvido8o7jJSB5WkMTonX7HM1bA==",
        "dependencies": {
          "Microsoft.Extensions.DependencyInjection": "10.0.12",
          "Microsoft.Extensions.Logging.Abstractions": "10.0.12",
          "Microsoft.Extensions.Options": "10.0.12"
        }
      },
      "Microsoft.Extensions.Logging.Abstractions": {
        "type": "Transitive",
        "resolved": "10.0.12",
        "contentHash": "+24lC4plfbEDNfLAdTV/SWKS7dW+16X4HdydO3R++134kSNTzcbYA4KpR1Hdh6uWisB8Za3AzwyOn+K+NxWIug==",
        "dependencies": {
          "Microsoft.Extensions.DependencyInjection.Abstractions": "10.0.12"
        }
      },
      "Microsoft.Extensions.Logging.Configuration": {
        "type": "Transitive",
        "resolved": "10.0.12",
        "contentHash": "CLHWfKQZWFE6fSzRXfjd4UlGveckkfPtwx/p5yF/o3hEkMSzGsl7MSxNAkI19hjw0rprBqrQC09Dwy6Lh6kweA==",
        "dependencies": {
          "Microsoft.Extensions.Configuration": "10.0.12",
          "Microsoft.Extensions.Configuration.Abstractions": "10.0.12",
          "Microsoft.Extensions.Configuration.Binder": "10.0.12",
          "Microsoft.Extensions.DependencyInjection.Abstractions": "10.0.12",
          "Microsoft.Extensions.Logging": "10.0.12",
          "Microsoft.Extensions.Logging.Abstractions": "10.0.12",
          "Microsoft.Extensions.Options": "10.0.12",
          "Microsoft.Extensions.Options.ConfigurationExtensions": "10.0.12"
        }
      },
      "Microsoft.Extensions.Options": {
        "type": "Transitive",
        "resolved": "10.0.12",
        "contentHash": "TDYD33TSRpXKZWlmTXNlj5kCihxatmv2Ec1u6C+bMYLphCS7PoSLE9Pjd/nunDoE7yETk+LLKjVJX78HYtWjpA==",
        "dependencies": {
          "Microsoft.Extensions.DependencyInjection.Abstractions": "10.0.12",
          "Microsoft.Extensions.Primitives": "10.0.12"
        }
      },
      "Microsoft.Extensions.Options.ConfigurationExtensions": {
        "type": "Transitive",
        "resolved": "10.0.12",
        "contentHash": "rqpu4qj5WE9x1IHGXSIgHBKi7IUlQaHyp4aXCYIanG2OghlUMFZpZTgExaXwcvmLAJHsxKQWMPpc7D2WIbCVtA==",
        "dependencies": {
          "Microsoft.Extensions.Configuration.Abstractions": "10.0.12",
          "Microsoft.Extensions.Configuration.Binder": "10.0.12",
          "Microsoft.Extensions.DependencyInjection.Abstractions": "10.0.12",
          "Microsoft.Extensions.Options": "10.0.12",
          "Microsoft.Extensions.Primitives": "10.0.12"
        }
      },
      "Microsoft.Extensions.Primitives": {
        "type": "Transitive",
        "resolved": "10.0.12",
        "contentHash": "dYfCLR52UA+3DL7C4I/pvSaRPkNqxrUAQmbFL2u0zvYKKzqgrFCJl08Df+F1aYc8leu9JvpC9bsURUdpExcBXQ=="
      },
      "Newtonsoft.Json": {
        "type": "Transitive",
        "resolved": "13.0.4",
        "contentHash": "pdgNNMai3zv51W5aq268sujXUyx7SNdE2bj1wZcWjAQrKMFZV260lbqYop1d2GM67JI1huLRwxo9ZqnfF/lC6A=="
      },
      "OPCFoundation.NetStandard.Opc.Ua.Client": {
        "type": "Transitive",
        "resolved": "1.5.378.156",
        "contentHash": "vQkaAX4JKaNxFERcp1ao9jo4358s5g7Ir58Ie55X/w0LuGTS12u6a2GoGsWSUPzjdAsdNLuPWUsFtO6WXO5ATA==",
        "dependencies": {
          "BitFaster.Caching": "2.6.0",
          "OPCFoundation.NetStandard.Opc.Ua.Configuration": "1.5.378.156",
          "OPCFoundation.NetStandard.Opc.Ua.Core": "1.5.378.156"
        }
      },
      "OPCFoundation.NetStandard.Opc.Ua.Configuration": {
        "type": "Transitive",
        "resolved": "1.5.378.156",
        "contentHash": "N2Wkmkp4bWgmq0eS9ZbHwD6A1hV2h0Nr0CMGO6EqkZs1Jh3ntNTnLJSR4MPrKifgY9Yz7/DnH6jQhJAUxrpq4g==",
        "dependencies": {
          "OPCFoundation.NetStandard.Opc.Ua.Core": "1.5.378.156"
        }
      },
      "OPCFoundation.NetStandard.Opc.Ua.Gds.Client.Common": {
        "type": "Transitive",
        "resolved": "1.5.378.156",
        "contentHash": "F1nfBQfQO0oGHvYPTC8fOSgqsrNT3S/dZKQG02/Xkz+wJl0vSGpQ+bB+0gzPKiaeVrGCxWs3d2d3FI5lsYzBxA==",
        "dependencies": {
          "OPCFoundation.NetStandard.Opc.Ua.Client": "1.5.378.156",
          "OPCFoundation.NetStandard.Opc.Ua.Core": "1.5.378.156"
        }
      },
      "OPCFoundation.NetStandard.Opc.Ua.Gds.Server.Common": {
        "type": "Transitive",
        "resolved": "1.5.378.156",
        "contentHash": "v/ZFFmyCDRgKTbzLKYsNjeV4YcryZUs0mS7Baiihp010IodTjn0+fn55dBETxDBaLTtwUrphGzigk0vYsF0fpQ==",
        "dependencies": {
          "OPCFoundation.NetStandard.Opc.Ua.Core": "1.5.378.156",
          "OPCFoundation.NetStandard.Opc.Ua.Security.Certificates": "1.5.378.156",
          "OPCFoundation.NetStandard.Opc.Ua.Server": "1.5.378.156"
        }
      },
      "OPCFoundation.NetStandard.Opc.Ua.Security.Certificates": {
        "type": "Transitive",
        "resolved": "1.5.378.156",
        "contentHash": "5GAhgHTantBMKAm8MdEFdMFF2tqpMOzDgwAt6yHa653rMw5ed3M0cr2uBsfBX7v6aX6jbBx0r0xum5E6tWNFyg==",
        "dependencies": {
          "OPCFoundation.NetStandard.Opc.Ua.Types": "1.5.378.156"
        }
      },
      "OPCFoundation.NetStandard.Opc.Ua.Server": {
        "type": "Transitive",
        "resolved": "1.5.378.156",
        "contentHash": "whwGtIT/Md/E4KkPa3FZ23z2hjydoSJwFSKj84cwV2QP93Op2gNEGleqeimSuEbzNi3zzSR+DPHvOQBPLiJnxQ==",
        "dependencies": {
          "OPCFoundation.NetStandard.Opc.Ua.Configuration": "1.5.378.156",
          "OPCFoundation.NetStandard.Opc.Ua.Core": "1.5.378.156"
        }
      },
      "OPCFoundation.NetStandard.Opc.Ua.Types": {
        "type": "Transitive",
        "resolved": "1.5.378.156",
        "contentHash": "YFE42PxZvdZ09wNGwrGKoJwU05a1DJbOMVTBdeWoe1Nnb0RXjzTMzQ2I4uFK1ZDrxgNW+ykH6IqMTZUNl8IJKg==",
        "dependencies": {
          "Microsoft.Extensions.Logging.Abstractions": "10.0.8"
        }
      },
      "uamodel.amb": {
        "type": "Project",
        "dependencies": {
          "OPCFoundation.NetStandard.Opc.Ua.Core": "[1.5.378.156, )"
        }
      },
      "uamodel.di": {
        "type": "Project",
        "dependencies": {
          "OPCFoundation.NetStandard.Opc.Ua.Core": "[1.5.378.156, )"
        }
      },
      "uamodel.ia": {
        "type": "Project",
        "dependencies": {
          "OPCFoundation.NetStandard.Opc.Ua.Core": "[1.5.378.156, )",
          "UAModel.DI": "[1.0.0, )"
        }
      },
      "uamodel.ijtbase": {
        "type": "Project",
        "dependencies": {
          "OPCFoundation.NetStandard.Opc.Ua.Core": "[1.5.378.156, )",
          "UAModel.AMB": "[1.0.0, )",
          "UAModel.DI": "[1.0.0, )",
          "UAModel.IA": "[1.0.0, )",
          "UAModel.Machinery": "[1.0.0, )",
          "UAModel.MachineryResult": "[1.0.0, )"
        }
      },
      "uamodel.ijttightening": {
        "type": "Project",
        "dependencies": {
          "OPCFoundation.NetStandard.Opc.Ua.Core": "[1.5.378.156, )",
          "UAModel.AMB": "[1.0.0, )",
          "UAModel.DI": "[1.0.0, )",
          "UAModel.IA": "[1.0.0, )",
          "UAModel.IJTBase": "[1.0.0, )",
          "UAModel.Machinery": "[1.0.0, )",
          "UAModel.MachineryResult": "[1.0.0, )"
        }
      },
      "uamodel.machinery": {
        "type": "Project",
        "dependencies": {
          "OPCFoundation.NetStandard.Opc.Ua.Core": "[1.5.378.156, )",
          "UAModel.DI": "[1.0.0, )",
          "UAModel.IA": "[1.0.0, )"
        }
      },
      "uamodel.machineryresult": {
        "type": "Project",
        "dependencies": {
          "OPCFoundation.NetStandard.Opc.Ua.Core": "[1.5.378.156, )"
        }
      },
      "OPCFoundation.NetStandard.Opc.Ua.Core": {
        "type": "CentralTransitive",
        "requested": "[1.5.378.156, )",
        "resolved": "1.5.378.156",
        "contentHash": "gJz1u06tNlBFQY/fX1B7ajj+bFkGey5tD4EAZJhIvOi5BpOd+TUFIu/DBVijhnYc+YNyK0E+RZuoEyCu3N/l+w==",
        "dependencies": {
          "Microsoft.Extensions.Logging": "10.0.8",
          "Newtonsoft.Json": "13.0.4",
          "OPCFoundation.NetStandard.Opc.Ua.Security.Certificates": "1.5.378.156",
          "OPCFoundation.NetStandard.Opc.Ua.Types": "1.5.378.156"
        }
      }
    }
  }
}